schema: '2.0'
stages:
  data_cleaning:
    cmd: python src/data/data_cleaning.py
    deps:
    - path: data/raw/zomato_dataset.csv
      hash: md5
      md5: 1cd07135d2787e05e1745c6f1c60ea87
      size: 6617343
    - path: src/data/data_cleaning.py
      hash: md5
      md5: 34545b6144b23f8467960435009e4251
      size: 8346
    outs:
    - path: data/cleaned/zomato_dataset_cleaned.csv
      hash: md5
      md5: f224ef7f5497768736f4e2970dd4072a
      size: 4511470
  data_preparation:
    cmd: python src/data/data_preparation.py
    deps:
    - path: data/cleaned/zomato_dataset_cleaned.csv
      hash: md5
      md5: f224ef7f5497768736f4e2970dd4072a
      size: 4511470
    - path: src/data/data_preparation.py
      hash: md5
      md5: ac125032b59e37d1a9d68e163c464962
      size: 3015
    params:
      params.yaml:
        Data_Preparation.random_state: 42
        Data_Preparation.test_size: 0.2
    outs:
    - path: data/interim/test.csv
      hash: md5
      md5: 8cef26574c3dd9b02139e132acbce1cb
      size: 902242
    - path: data/interim/train.csv
      hash: md5
      md5: a812c63478e31cc86e9e73321c534669
      size: 3606278
  data_preprocessing:
    cmd: python src/features/data_preprocessing.py
    deps:
    - path: data/interim/test.csv
      hash: md5
      md5: 8cef26574c3dd9b02139e132acbce1cb
      size: 902242
    - path: data/interim/train.csv
      hash: md5
      md5: a812c63478e31cc86e9e73321c534669
      size: 3606278
    - path: src/features/data_preprocessing.py
      hash: md5
      md5: 6dcaf751c385c9c09df790f0b5f19013
      size: 6960
    outs:
    - path: data/processed/test_trans.csv
      hash: md5
      md5: bd5be3bded6406cb673bd2fe715597b9
      size: 1203545
    - path: data/processed/train_trans.csv
      hash: md5
      md5: 192998949572192d02c26ea0277e6553
      size: 4793121
    - path: models/preprocessor.joblib
      hash: md5
      md5: d14b3fc0751648e73ec7ffed0eb03a3a
      size: 8241
  train:
    cmd: python src/models/train.py
    deps:
    - path: data/processed/train_trans.csv
      hash: md5
      md5: 192998949572192d02c26ea0277e6553
      size: 4793121
    - path: src/models/train.py
      hash: md5
      md5: b7b69ed8e77672b21bfffc93336aa161
      size: 4910
    params:
      params.yaml:
        Train.LightGBM:
          n_estimators: 154
          max_depth: 27
          learning_rate: 0.22234435854395157
          subsample: 0.7592213724048168
          min_child_weight: 20
          min_split_gain: 0.004604680609280751
          reg_lambda: 97.81002379097947
          n_jobs: -1
        Train.Random_Forest:
          n_estimators: 479
          criterion: squared_error
          max_depth: 17
          max_features: 1
          min_samples_split: 9
          min_samples_leaf: 2
          max_samples: 0.6603673526197066
          verbose: 1
          n_jobs: -1
    outs:
    - path: models/model.joblib
      hash: md5
      md5: 155f51491e717dcb82c3671f1a0e5f3e
      size: 152053492
    - path: models/power_transformer.joblib
      hash: md5
      md5: b9c6bc9f420770f4b841d73fdabc1f11
      size: 837
    - path: models/stacking_regressor.joblib
      hash: md5
      md5: 3f1ac6a9333befcb82fb57f52048f477
      size: 152041638
  evaluation:
    cmd: python src/models/evaluation.py
    deps:
    - path: data/processed/test_trans.csv
      hash: md5
      md5: bd5be3bded6406cb673bd2fe715597b9
      size: 1203545
    - path: data/processed/train_trans.csv
      hash: md5
      md5: 192998949572192d02c26ea0277e6553
      size: 4793121
    - path: models/model.joblib
      hash: md5
      md5: 155f51491e717dcb82c3671f1a0e5f3e
      size: 152053492
    - path: src/models/evaluation.py
      hash: md5
      md5: 67ec833abef96c65630a7f328e1ecc00
      size: 6295
    outs:
    - path: run_information.json
      hash: md5
      md5: c15181d3a4bb43343dd2ca03b2b832ce
      size: 220
  register_model:
    cmd: python src/models/register_model.py
    deps:
    - path: run_information.json
      hash: md5
      md5: c15181d3a4bb43343dd2ca03b2b832ce
      size: 220
    - path: src/models/register_model.py
      hash: md5
      md5: 2dccbfac9605c7962356ac254393fdba
      size: 2156
